
Microsoft Visual Studio Solution File, Format Version 12.00
# Visual Studio 14
VisualStudioVersion = 14.0.22823.1
MinimumVisualStudioVersion = 10.0.40219.1
Project("{FAE04EC0-301F-11D3-BF4B-00C04F79EFBC}") = "VSO.PrintCards", "VSO.PrintCards\VSO.PrintCards.csproj", "{0FE8BAF0-B9FA-4BF0-8417-F6D7BB81BF8C}"
EndProject
Global
	GlobalSection(SolutionConfigurationPlatforms) = preSolution
		Debug|Any CPU = Debug|Any CPU
		Release|Any CPU = Release|Any CPU
	EndGlobalSection
	GlobalSection(ProjectConfigurationPlatforms) = postSolution
		{0FE8BAF0-B9FA-4BF0-8417-F6D7BB81BF8C}.Debug|Any CPU.ActiveCfg = Debug|Any CPU
		{0FE8BAF0-B9FA-4BF0-8417-F6D7BB81BF8C}.Debug|Any CPU.Build.0 = Debug|Any CPU
		{0FE8BAF0-B9FA-4BF0-8417-F6D7BB81BF8C}.Release|Any CPU.ActiveCfg = Release|Any CPU
		{0FE8BAF0-B9FA-4BF0-8417-F6D7BB81BF8C}.Release|Any CPU.Build.0 = Release|Any CPU
	EndGlobalSection
	GlobalSection(SolutionProperties) = preSolution
		HideSolutionNode = FALSE
	EndGlobalSection
	GlobalSection(CodealikeProperties) = postSolution
		SolutionGuid = 3ed45952-3f13-4519-9ec1-f57fab6f4ace
	EndGlobalSection
EndGlobal
